{
  "requires": true,
  "lockfileVersion": 1,
  "dependencies": {
    "nodes7": {
      "version": "0.3.11",
      "resolved": "https://registry.npmjs.org/nodes7/-/nodes7-0.3.11.tgz",
      "integrity": "sha512-EQ0oPf10JXyFYSDolooUMq38M4GHbcNCMPlZC+N7wnv2fRhieHs7DZMR5ddcoi/86AtFz9vdk2lMw8GrDZwIEw=="
    }
  }
}
